// !$*UTF8*$!
{
	archiveVersion = 1;
	classes = {
	};
	objectVersion = 56;
	objects = {

/* Begin PBXBuildFile section */
		C90CF8D62C154FDB00B2D88C /* Tools.swift in Sources */ = {isa = PBXBuildFile; fileRef = C90CF8D52C154FDB00B2D88C /* Tools.swift */; };
		C90CF8D82C15884600B2D88C /* OptionalExtension.swift in Sources */ = {isa = PBXBuildFile; fileRef = C90CF8D72C15884600B2D88C /* OptionalExtension.swift */; };
		C90CF8DA2C158C4600B2D88C /* ToolbarDataModel.swift in Sources */ = {isa = PBXBuildFile; fileRef = C90CF8D92C158C4600B2D88C /* ToolbarDataModel.swift */; };
		C9B1C7542BD92A6F0013C568 /* AppDelegate.swift in Sources */ = {isa = PBXBuildFile; fileRef = C9B1C7532BD92A6F0013C568 /* AppDelegate.swift */; };
		C9B1C7562BD92A6F0013C568 /* ViewController.swift in Sources */ = {isa = PBXBuildFile; fileRef = C9B1C7552BD92A6F0013C568 /* ViewController.swift */; };
		C9B1C7582BD92A700013C568 /* Assets.xcassets in Resources */ = {isa = PBXBuildFile; fileRef = C9B1C7572BD92A700013C568 /* Assets.xcassets */; };
		C9B1C75B2BD92A700013C568 /* Base in Resources */ = {isa = PBXBuildFile; fileRef = C9B1C75A2BD92A700013C568 /* Base */; };
		C9B1C7632BDA6EC30013C568 /* WindowController.swift in Sources */ = {isa = PBXBuildFile; fileRef = C9B1C7622BDA6EC30013C568 /* WindowController.swift */; };
		C9B1C7662BDA784F0013C568 /* Metal.framework in Frameworks */ = {isa = PBXBuildFile; fileRef = C9B1C7652BDA784F0013C568 /* Metal.framework */; };
		C9B1C7682BDA78530013C568 /* MetalKit.framework in Frameworks */ = {isa = PBXBuildFile; fileRef = C9B1C7672BDA78530013C568 /* MetalKit.framework */; };
		C9B1C76A2BDA79160013C568 /* RenderingDataModel.swift in Sources */ = {isa = PBXBuildFile; fileRef = C9B1C7692BDA79160013C568 /* RenderingDataModel.swift */; };
		C9B1C76C2BDA802A0013C568 /* CoreGraphics.framework in Frameworks */ = {isa = PBXBuildFile; fileRef = C9B1C76B2BDA802A0013C568 /* CoreGraphics.framework */; };
		C9B1C76E2BDA900F0013C568 /* Renderer.swift in Sources */ = {isa = PBXBuildFile; fileRef = C9B1C76D2BDA900F0013C568 /* Renderer.swift */; };
		C9B1C7702BDA91660013C568 /* Shader.metal in Sources */ = {isa = PBXBuildFile; fileRef = C9B1C76F2BDA91660013C568 /* Shader.metal */; };
		C9CC709C2BE13001001C0351 /* CGExtension.swift in Sources */ = {isa = PBXBuildFile; fileRef = C9CC709B2BE13001001C0351 /* CGExtension.swift */; };
		C9CC709E2BE14874001C0351 /* CanvasView.swift in Sources */ = {isa = PBXBuildFile; fileRef = C9CC709D2BE14874001C0351 /* CanvasView.swift */; };
		C9CDCE622C01DB6400D91688 /* SwiftUI.framework in Frameworks */ = {isa = PBXBuildFile; fileRef = C9CDCE612C01DB6400D91688 /* SwiftUI.framework */; };
		C9CDCE642C01DC4400D91688 /* ToolbarControls.swift in Sources */ = {isa = PBXBuildFile; fileRef = C9CDCE632C01DC4400D91688 /* ToolbarControls.swift */; };
		C9CDCE682C0390B600D91688 /* Combine.framework in Frameworks */ = {isa = PBXBuildFile; fileRef = C9CDCE672C0390B600D91688 /* Combine.framework */; };
/* End PBXBuildFile section */

/* Begin PBXFileReference section */
		C90CF8D52C154FDB00B2D88C /* Tools.swift */ = {isa = PBXFileReference; lastKnownFileType = sourcecode.swift; path = Tools.swift; sourceTree = "<group>"; };
		C90CF8D72C15884600B2D88C /* OptionalExtension.swift */ = {isa = PBXFileReference; lastKnownFileType = sourcecode.swift; path = OptionalExtension.swift; sourceTree = "<group>"; };
		C90CF8D92C158C4600B2D88C /* ToolbarDataModel.swift */ = {isa = PBXFileReference; lastKnownFileType = sourcecode.swift; path = ToolbarDataModel.swift; sourceTree = "<group>"; };
		C9B1C7502BD92A6F0013C568 /* QuickWhiteboard.app */ = {isa = PBXFileReference; explicitFileType = wrapper.application; includeInIndex = 0; path = QuickWhiteboard.app; sourceTree = BUILT_PRODUCTS_DIR; };
		C9B1C7532BD92A6F0013C568 /* AppDelegate.swift */ = {isa = PBXFileReference; lastKnownFileType = sourcecode.swift; path = AppDelegate.swift; sourceTree = "<group>"; };
		C9B1C7552BD92A6F0013C568 /* ViewController.swift */ = {isa = PBXFileReference; lastKnownFileType = sourcecode.swift; path = ViewController.swift; sourceTree = "<group>"; };
		C9B1C7572BD92A700013C568 /* Assets.xcassets */ = {isa = PBXFileReference; lastKnownFileType = folder.assetcatalog; path = Assets.xcassets; sourceTree = "<group>"; };
		C9B1C75A2BD92A700013C568 /* Base */ = {isa = PBXFileReference; lastKnownFileType = file.storyboard; name = Base; path = Base.lproj/Main.storyboard; sourceTree = "<group>"; };
		C9B1C75C2BD92A700013C568 /* QuickWhiteboard.entitlements */ = {isa = PBXFileReference; lastKnownFileType = text.plist.entitlements; path = QuickWhiteboard.entitlements; sourceTree = "<group>"; };
		C9B1C7622BDA6EC30013C568 /* WindowController.swift */ = {isa = PBXFileReference; lastKnownFileType = sourcecode.swift; path = WindowController.swift; sourceTree = "<group>"; };
		C9B1C7652BDA784F0013C568 /* Metal.framework */ = {isa = PBXFileReference; lastKnownFileType = wrapper.framework; name = Metal.framework; path = System/Library/Frameworks/Metal.framework; sourceTree = SDKROOT; };
		C9B1C7672BDA78530013C568 /* MetalKit.framework */ = {isa = PBXFileReference; lastKnownFileType = wrapper.framework; name = MetalKit.framework; path = System/Library/Frameworks/MetalKit.framework; sourceTree = SDKROOT; };
		C9B1C7692BDA79160013C568 /* RenderingDataModel.swift */ = {isa = PBXFileReference; lastKnownFileType = sourcecode.swift; path = RenderingDataModel.swift; sourceTree = "<group>"; };
		C9B1C76B2BDA802A0013C568 /* CoreGraphics.framework */ = {isa = PBXFileReference; lastKnownFileType = wrapper.framework; name = CoreGraphics.framework; path = System/Library/Frameworks/CoreGraphics.framework; sourceTree = SDKROOT; };
		C9B1C76D2BDA900F0013C568 /* Renderer.swift */ = {isa = PBXFileReference; lastKnownFileType = sourcecode.swift; path = Renderer.swift; sourceTree = "<group>"; };
		C9B1C76F2BDA91660013C568 /* Shader.metal */ = {isa = PBXFileReference; lastKnownFileType = sourcecode.metal; path = Shader.metal; sourceTree = "<group>"; };
		C9CC709B2BE13001001C0351 /* CGExtension.swift */ = {isa = PBXFileReference; lastKnownFileType = sourcecode.swift; path = CGExtension.swift; sourceTree = "<group>"; };
		C9CC709D2BE14874001C0351 /* CanvasView.swift */ = {isa = PBXFileReference; lastKnownFileType = sourcecode.swift; path = CanvasView.swift; sourceTree = "<group>"; };
		C9CDCE612C01DB6400D91688 /* SwiftUI.framework */ = {isa = PBXFileReference; lastKnownFileType = wrapper.framework; name = SwiftUI.framework; path = System/Library/Frameworks/SwiftUI.framework; sourceTree = SDKROOT; };
		C9CDCE632C01DC4400D91688 /* ToolbarControls.swift */ = {isa = PBXFileReference; lastKnownFileType = sourcecode.swift; path = ToolbarControls.swift; sourceTree = "<group>"; };
		C9CDCE672C0390B600D91688 /* Combine.framework */ = {isa = PBXFileReference; lastKnownFileType = wrapper.framework; name = Combine.framework; path = System/Library/Frameworks/Combine.framework; sourceTree = SDKROOT; };
/* End PBXFileReference section */

/* Begin PBXFrameworksBuildPhase section */
		C9B1C74D2BD92A6F0013C568 /* Frameworks */ = {
			isa = PBXFrameworksBuildPhase;
			buildActionMask = 2147483647;
			files = (
				C9CDCE682C0390B600D91688 /* Combine.framework in Frameworks */,
				C9CDCE622C01DB6400D91688 /* SwiftUI.framework in Frameworks */,
				C9B1C76C2BDA802A0013C568 /* CoreGraphics.framework in Frameworks */,
				C9B1C7662BDA784F0013C568 /* Metal.framework in Frameworks */,
				C9B1C7682BDA78530013C568 /* MetalKit.framework in Frameworks */,
			);
			runOnlyForDeploymentPostprocessing = 0;
		};
/* End PBXFrameworksBuildPhase section */

/* Begin PBXGroup section */
		C9B1C7472BD92A6F0013C568 = {
			isa = PBXGroup;
			children = (
				C9B1C7512BD92A6F0013C568 /* Products */,
				C9B1C7522BD92A6F0013C568 /* QuickWhiteboard */,
				C9B1C7642BDA784F0013C568 /* Frameworks */,
			);
			sourceTree = "<group>";
		};
		C9B1C7512BD92A6F0013C568 /* Products */ = {
			isa = PBXGroup;
			children = (
				C9B1C7502BD92A6F0013C568 /* QuickWhiteboard.app */,
			);
			name = Products;
			sourceTree = "<group>";
		};
		C9B1C7522BD92A6F0013C568 /* QuickWhiteboard */ = {
			isa = PBXGroup;
			children = (
				C9B1C7532BD92A6F0013C568 /* AppDelegate.swift */,
				C9B1C7572BD92A700013C568 /* Assets.xcassets */,
				C9CC709D2BE14874001C0351 /* CanvasView.swift */,
				C9CC709B2BE13001001C0351 /* CGExtension.swift */,
				C9B1C7592BD92A700013C568 /* Main.storyboard */,
				C90CF8D72C15884600B2D88C /* OptionalExtension.swift */,
				C9B1C75C2BD92A700013C568 /* QuickWhiteboard.entitlements */,
				C9B1C76D2BDA900F0013C568 /* Renderer.swift */,
				C9B1C7692BDA79160013C568 /* RenderingDataModel.swift */,
				C9B1C76F2BDA91660013C568 /* Shader.metal */,
				C9CDCE632C01DC4400D91688 /* ToolbarControls.swift */,
				C90CF8D92C158C4600B2D88C /* ToolbarDataModel.swift */,
				C90CF8D52C154FDB00B2D88C /* Tools.swift */,
				C9B1C7552BD92A6F0013C568 /* ViewController.swift */,
				C9B1C7622BDA6EC30013C568 /* WindowController.swift */,
			);
			path = QuickWhiteboard;
			sourceTree = "<group>";
		};
		C9B1C7642BDA784F0013C568 /* Frameworks */ = {
			isa = PBXGroup;
			children = (
				C9CDCE672C0390B600D91688 /* Combine.framework */,
				C9CDCE612C01DB6400D91688 /* SwiftUI.framework */,
				C9B1C76B2BDA802A0013C568 /* CoreGraphics.framework */,
				C9B1C7672BDA78530013C568 /* MetalKit.framework */,
				C9B1C7652BDA784F0013C568 /* Metal.framework */,
			);
			name = Frameworks;
			sourceTree = "<group>";
		};
/* End PBXGroup section */

/* Begin PBXNativeTarget section */
		C9B1C74F2BD92A6F0013C568 /* QuickWhiteboard */ = {
			isa = PBXNativeTarget;
			buildConfigurationList = C9B1C75F2BD92A700013C568 /* Build configuration list for PBXNativeTarget "QuickWhiteboard" */;
			buildPhases = (
				C9B1C74C2BD92A6F0013C568 /* Sources */,
				C9B1C74D2BD92A6F0013C568 /* Frameworks */,
				C9B1C74E2BD92A6F0013C568 /* Resources */,
			);
			buildRules = (
			);
			dependencies = (
			);
			name = QuickWhiteboard;
			productName = QuickWhiteboard;
			productReference = C9B1C7502BD92A6F0013C568 /* QuickWhiteboard.app */;
			productType = "com.apple.product-type.application";
		};
/* End PBXNativeTarget section */

/* Begin PBXProject section */
		C9B1C7482BD92A6F0013C568 /* Project object */ = {
			isa = PBXProject;
			attributes = {
				BuildIndependentTargetsInParallel = 1;
				LastSwiftUpdateCheck = 1530;
				LastUpgradeCheck = 1540;
				TargetAttributes = {
					C9B1C74F2BD92A6F0013C568 = {
						CreatedOnToolsVersion = 15.3;
					};
				};
			};
			buildConfigurationList = C9B1C74B2BD92A6F0013C568 /* Build configuration list for PBXProject "QuickWhiteboard" */;
			compatibilityVersion = "Xcode 14.0";
			developmentRegion = en;
			hasScannedForEncodings = 0;
			knownRegions = (
				en,
				Base,
			);
			mainGroup = C9B1C7472BD92A6F0013C568;
			productRefGroup = C9B1C7512BD92A6F0013C568 /* Products */;
			projectDirPath = "";
			projectRoot = "";
			targets = (
				C9B1C74F2BD92A6F0013C568 /* QuickWhiteboard */,
			);
		};
/* End PBXProject section */

/* Begin PBXResourcesBuildPhase section */
		C9B1C74E2BD92A6F0013C568 /* Resources */ = {
			isa = PBXResourcesBuildPhase;
			buildActionMask = 2147483647;
			files = (
				C9B1C7582BD92A700013C568 /* Assets.xcassets in Resources */,
				C9B1C75B2BD92A700013C568 /* Base in Resources */,
			);
			runOnlyForDeploymentPostprocessing = 0;
		};
/* End PBXResourcesBuildPhase section */

/* Begin PBXSourcesBuildPhase section */
		C9B1C74C2BD92A6F0013C568 /* Sources */ = {
			isa = PBXSourcesBuildPhase;
			buildActionMask = 2147483647;
			files = (
				C9CC709C2BE13001001C0351 /* CGExtension.swift in Sources */,
				C9B1C7702BDA91660013C568 /* Shader.metal in Sources */,
				C9CDCE642C01DC4400D91688 /* ToolbarControls.swift in Sources */,
				C9CC709E2BE14874001C0351 /* CanvasView.swift in Sources */,
				C9B1C7562BD92A6F0013C568 /* ViewController.swift in Sources */,
				C9B1C7632BDA6EC30013C568 /* WindowController.swift in Sources */,
				C9B1C7542BD92A6F0013C568 /* AppDelegate.swift in Sources */,
				C90CF8D82C15884600B2D88C /* OptionalExtension.swift in Sources */,
				C9B1C76E2BDA900F0013C568 /* Renderer.swift in Sources */,
				C9B1C76A2BDA79160013C568 /* RenderingDataModel.swift in Sources */,
				C90CF8D62C154FDB00B2D88C /* Tools.swift in Sources */,
				C90CF8DA2C158C4600B2D88C /* ToolbarDataModel.swift in Sources */,
			);
			runOnlyForDeploymentPostprocessing = 0;
		};
/* End PBXSourcesBuildPhase section */

/* Begin PBXVariantGroup section */
		C9B1C7592BD92A700013C568 /* Main.storyboard */ = {
			isa = PBXVariantGroup;
			children = (
				C9B1C75A2BD92A700013C568 /* Base */,
			);
			name = Main.storyboard;
			sourceTree = "<group>";
		};
/* End PBXVariantGroup section */

/* Begin XCBuildConfiguration section */
		C9B1C75D2BD92A700013C568 /* Debug */ = {
			isa = XCBuildConfiguration;
			buildSettings = {
				ALWAYS_SEARCH_USER_PATHS = NO;
				ARCHS = arm64;
				ASSETCATALOG_COMPILER_GENERATE_SWIFT_ASSET_SYMBOL_EXTENSIONS = YES;
				CLANG_ANALYZER_NONNULL = YES;
				CLANG_ANALYZER_NUMBER_OBJECT_CONVERSION = YES_AGGRESSIVE;
				CLANG_CXX_LANGUAGE_STANDARD = "gnu++20";
				CLANG_ENABLE_MODULES = YES;
				CLANG_ENABLE_OBJC_ARC = YES;
				CLANG_ENABLE_OBJC_WEAK = YES;
				CLANG_WARN_BLOCK_CAPTURE_AUTORELEASING = YES;
				CLANG_WARN_BOOL_CONVERSION = YES;
				CLANG_WARN_COMMA = YES;
				CLANG_WARN_CONSTANT_CONVERSION = YES;
				CLANG_WARN_DEPRECATED_OBJC_IMPLEMENTATIONS = YES;
				CLANG_WARN_DIRECT_OBJC_ISA_USAGE = YES_ERROR;
				CLANG_WARN_DOCUMENTATION_COMMENTS = YES;
				CLANG_WARN_EMPTY_BODY = YES;
				CLANG_WARN_ENUM_CONVERSION = YES;
				CLANG_WARN_INFINITE_RECURSION = YES;
				CLANG_WARN_INT_CONVERSION = YES;
				CLANG_WARN_NON_LITERAL_NULL_CONVERSION = YES;
				CLANG_WARN_OBJC_IMPLICIT_RETAIN_SELF = YES;
				CLANG_WARN_OBJC_LITERAL_CONVERSION = YES;
				CLANG_WARN_OBJC_ROOT_CLASS = YES_ERROR;
				CLANG_WARN_QUOTED_INCLUDE_IN_FRAMEWORK_HEADER = YES;
				CLANG_WARN_RANGE_LOOP_ANALYSIS = YES;
				CLANG_WARN_STRICT_PROTOTYPES = YES;
				CLANG_WARN_SUSPICIOUS_MOVE = YES;
				CLANG_WARN_UNGUARDED_AVAILABILITY = YES_AGGRESSIVE;
				CLANG_WARN_UNREACHABLE_CODE = YES;
				CLANG_WARN__DUPLICATE_METHOD_MATCH = YES;
				COPY_PHASE_STRIP = NO;
				DEAD_CODE_STRIPPING = YES;
				DEBUG_INFORMATION_FORMAT = dwarf;
				ENABLE_STRICT_OBJC_MSGSEND = YES;
				ENABLE_TESTABILITY = YES;
				ENABLE_USER_SCRIPT_SANDBOXING = YES;
				GCC_C_LANGUAGE_STANDARD = gnu17;
				GCC_DYNAMIC_NO_PIC = NO;
				GCC_NO_COMMON_BLOCKS = YES;
				GCC_OPTIMIZATION_LEVEL = 0;
				GCC_PREPROCESSOR_DEFINITIONS = (
					"DEBUG=1",
					"$(inherited)",
				);
				GCC_WARN_64_TO_32_BIT_CONVERSION = YES;
				GCC_WARN_ABOUT_RETURN_TYPE = YES_ERROR;
				GCC_WARN_UNDECLARED_SELECTOR = YES;
				GCC_WARN_UNINITIALIZED_AUTOS = YES_AGGRESSIVE;
				GCC_WARN_UNUSED_FUNCTION = YES;
				GCC_WARN_UNUSED_VARIABLE = YES;
				LOCALIZATION_PREFERS_STRING_CATALOGS = YES;
				MACOSX_DEPLOYMENT_TARGET = 11.0;
				MTL_ENABLE_DEBUG_INFO = INCLUDE_SOURCE;
				MTL_FAST_MATH = YES;
				ONLY_ACTIVE_ARCH = YES;
				SDKROOT = macosx;
				SWIFT_ACTIVE_COMPILATION_CONDITIONS = "DEBUG $(inherited)";
				SWIFT_OPTIMIZATION_LEVEL = "-Onone";
			};
			name = Debug;
		};
		C9B1C75E2BD92A700013C568 /* Release */ = {
			isa = XCBuildConfiguration;
			buildSettings = {
				ALWAYS_SEARCH_USER_PATHS = NO;
				ARCHS = arm64;
				ASSETCATALOG_COMPILER_GENERATE_SWIFT_ASSET_SYMBOL_EXTENSIONS = YES;
				CLANG_ANALYZER_NONNULL = YES;
				CLANG_ANALYZER_NUMBER_OBJECT_CONVERSION = YES_AGGRESSIVE;
				CLANG_CXX_LANGUAGE_STANDARD = "gnu++20";
				CLANG_ENABLE_MODULES = YES;
				CLANG_ENABLE_OBJC_ARC = YES;
				CLANG_ENABLE_OBJC_WEAK = YES;
				CLANG_WARN_BLOCK_CAPTURE_AUTORELEASING = YES;
				CLANG_WARN_BOOL_CONVERSION = YES;
				CLANG_WARN_COMMA = YES;
				CLANG_WARN_CONSTANT_CONVERSION = YES;
				CLANG_WARN_DEPRECATED_OBJC_IMPLEMENTATIONS = YES;
				CLANG_WARN_DIRECT_OBJC_ISA_USAGE = YES_ERROR;
				CLANG_WARN_DOCUMENTATION_COMMENTS = YES;
				CLANG_WARN_EMPTY_BODY = YES;
				CLANG_WARN_ENUM_CONVERSION = YES;
				CLANG_WARN_INFINITE_RECURSION = YES;
				CLANG_WARN_INT_CONVERSION = YES;
				CLANG_WARN_NON_LITERAL_NULL_CONVERSION = YES;
				CLANG_WARN_OBJC_IMPLICIT_RETAIN_SELF = YES;
				CLANG_WARN_OBJC_LITERAL_CONVERSION = YES;
				CLANG_WARN_OBJC_ROOT_CLASS = YES_ERROR;
				CLANG_WARN_QUOTED_INCLUDE_IN_FRAMEWORK_HEADER = YES;
				CLANG_WARN_RANGE_LOOP_ANALYSIS = YES;
				CLANG_WARN_STRICT_PROTOTYPES = YES;
				CLANG_WARN_SUSPICIOUS_MOVE = YES;
				CLANG_WARN_UNGUARDED_AVAILABILITY = YES_AGGRESSIVE;
				CLANG_WARN_UNREACHABLE_CODE = YES;
				CLANG_WARN__DUPLICATE_METHOD_MATCH = YES;
				COPY_PHASE_STRIP = NO;
				DEAD_CODE_STRIPPING = YES;
				DEBUG_INFORMATION_FORMAT = "dwarf-with-dsym";
				ENABLE_NS_ASSERTIONS = NO;
				ENABLE_STRICT_OBJC_MSGSEND = YES;
				ENABLE_USER_SCRIPT_SANDBOXING = YES;
				GCC_C_LANGUAGE_STANDARD = gnu17;
				GCC_NO_COMMON_BLOCKS = YES;
				GCC_WARN_64_TO_32_BIT_CONVERSION = YES;
				GCC_WARN_ABOUT_RETURN_TYPE = YES_ERROR;
				GCC_WARN_UNDECLARED_SELECTOR = YES;
				GCC_WARN_UNINITIALIZED_AUTOS = YES_AGGRESSIVE;
				GCC_WARN_UNUSED_FUNCTION = YES;
				GCC_WARN_UNUSED_VARIABLE = YES;
				LOCALIZATION_PREFERS_STRING_CATALOGS = YES;
				MACOSX_DEPLOYMENT_TARGET = 11.0;
				MTL_ENABLE_DEBUG_INFO = NO;
				MTL_FAST_MATH = YES;
				SDKROOT = macosx;
				SWIFT_COMPILATION_MODE = wholemodule;
			};
			name = Release;
		};
		C9B1C7602BD92A700013C568 /* Debug */ = {
			isa = XCBuildConfiguration;
			buildSettings = {
				ASSETCATALOG_COMPILER_APPICON_NAME = AppIcon;
				ASSETCATALOG_COMPILER_GLOBAL_ACCENT_COLOR_NAME = AccentColor;
				CODE_SIGN_ENTITLEMENTS = QuickWhiteboard/QuickWhiteboard.entitlements;
				CODE_SIGN_STYLE = Manual;
				COMBINE_HIDPI_IMAGES = YES;
				CURRENT_PROJECT_VERSION = 1;
				DEAD_CODE_STRIPPING = YES;
				DEVELOPMENT_TEAM = "";
				"DEVELOPMENT_TEAM[sdk=macosx*]" = UJJPMMAXZR;
				ENABLE_HARDENED_RUNTIME = YES;
				GENERATE_INFOPLIST_FILE = YES;
				INFOPLIST_KEY_LSApplicationCategoryType = "public.app-category.utilities";
				INFOPLIST_KEY_NSHumanReadableCopyright = "";
				INFOPLIST_KEY_NSMainStoryboardFile = Main;
				INFOPLIST_KEY_NSPrincipalClass = NSApplication;
				LD_RUNPATH_SEARCH_PATHS = (
					"$(inherited)",
					"@executable_path/../Frameworks",
				);
				MARKETING_VERSION = 1.0;
				PRODUCT_BUNDLE_IDENTIFIER = "human.matthew-ch.QuickWhiteboard";
				PRODUCT_NAME = "$(TARGET_NAME)";
				PROVISIONING_PROFILE_SPECIFIER = "";
				SWIFT_EMIT_LOC_STRINGS = YES;
				SWIFT_VERSION = 5.0;
			};
			name = Debug;
		};
		C9B1C7612BD92A700013C568 /* Release */ = {
			isa = XCBuildConfiguration;
			buildSettings = {
				ASSETCATALOG_COMPILER_APPICON_NAME = AppIcon;
				ASSETCATALOG_COMPILER_GLOBAL_ACCENT_COLOR_NAME = AccentColor;
				CODE_SIGN_ENTITLEMENTS = QuickWhiteboard/QuickWhiteboard.entitlements;
				CODE_SIGN_STYLE = Manual;
				COMBINE_HIDPI_IMAGES = YES;
				CURRENT_PROJECT_VERSION = 1;
				DEAD_CODE_STRIPPING = YES;
				DEVELOPMENT_TEAM = "";
				ENABLE_HARDENED_RUNTIME = YES;
				GENERATE_INFOPLIST_FILE = YES;
				INFOPLIST_KEY_LSApplicationCategoryType = "public.app-category.utilities";
				INFOPLIST_KEY_NSHumanReadableCopyright = "";
				INFOPLIST_KEY_NSMainStoryboardFile = Main;
				INFOPLIST_KEY_NSPrincipalClass = NSApplication;
				LD_RUNPATH_SEARCH_PATHS = (
					"$(inherited)",
					"@executable_path/../Frameworks",
				);
				MARKETING_VERSION = 1.0;
				PRODUCT_BUNDLE_IDENTIFIER = "human.matthew-ch.QuickWhiteboard";
				PRODUCT_NAME = "$(TARGET_NAME)";
				PROVISIONING_PROFILE_SPECIFIER = "";
				SWIFT_EMIT_LOC_STRINGS = YES;
				SWIFT_VERSION = 5.0;
			};
			name = Release;
		};
/* End XCBuildConfiguration section */

/* Begin XCConfigurationList section */
		C9B1C74B2BD92A6F0013C568 /* Build configuration list for PBXProject "QuickWhiteboard" */ = {
			isa = XCConfigurationList;
			buildConfigurations = (
				C9B1C75D2BD92A700013C568 /* Debug */,
				C9B1C75E2BD92A700013C568 /* Release */,
			);
			defaultConfigurationIsVisible = 0;
			defaultConfigurationName = Release;
		};
		C9B1C75F2BD92A700013C568 /* Build configuration list for PBXNativeTarget "QuickWhiteboard" */ = {
			isa = XCConfigurationList;
			buildConfigurations = (
				C9B1C7602BD92A700013C568 /* Debug */,
				C9B1C7612BD92A700013C568 /* Release */,
			);
			defaultConfigurationIsVisible = 0;
			defaultConfigurationName = Release;
		};
/* End XCConfigurationList section */
	};
	rootObject = C9B1C7482BD92A6F0013C568 /* Project object */;
}
